// !$*UTF8*$!
{
	archiveVersion = 1;
	classes = {
	};
	objectVersion = 46;
	objects = {

/* Begin PBXFileReference section */
		7BBCD3D77EF726E7C3F0DC60 /* gradle-wrapper.jar */ = {isa = PBXFileReference; lastKnownFileType = archive.jar; path = "gradle-wrapper.jar"; sourceTree = "<group>"; };
		7BBCD46619AE9B4C3E068DD6 /* my-appcode.kexe */ = {isa = PBXFileReference; explicitFileType = "compiled.mach-o.executable"; includeInIndex = 0; path = "my-appcode.kexe"; sourceTree = BUILT_PRODUCTS_DIR; };
		7BBCD5FA5C7C96F26FC6EA29 /* CUrl.kt */ = {isa = PBXFileReference; lastKnownFileType = file.kt; path = CUrl.kt; sourceTree = "<group>"; };
		7BBCD662E9D444C2347BBAA6 /* settings.gradle */ = {isa = PBXFileReference; lastKnownFileType = file.gradle; path = settings.gradle; sourceTree = "<group>"; };
		7BBCD75396831A23F36031CB /* gradlew */ = {isa = PBXFileReference; lastKnownFileType = text; path = gradlew; sourceTree = "<group>"; };
		7BBCD82BA7F2061364E18EE6 /* build.gradle */ = {isa = PBXFileReference; lastKnownFileType = file.gradle; path = build.gradle; sourceTree = "<group>"; };
		7BBCD82FC91306601FF11D45 /* gradle-wrapper.properties */ = {isa = PBXFileReference; lastKnownFileType = file.properties; path = "gradle-wrapper.properties"; sourceTree = "<group>"; };
		7BBCD912F9C2E28A60B7A8E5 /* build.gradle.kts */ = {isa = PBXFileReference; lastKnownFileType = file.kts; path = build.gradle.kts; sourceTree = "<group>"; };
		7BBCDB42A3E5885231986ABA /* main.kt */ = {isa = PBXFileReference; lastKnownFileType = file.kt; path = main.kt; sourceTree = "<group>"; };
/* End PBXFileReference section */

/* Begin PBXGroup section */
		7BBCD0FEE82CC929F2DD1BD2 /* Supporting Files */ = {
			isa = PBXGroup;
			children = (
				7BBCD912F9C2E28A60B7A8E5 /* build.gradle.kts */,
			);
			name = "Supporting Files";
			sourceTree = "<group>";
		};
		7BBCD36C53741BAB4F639B11 /* wrapper */ = {
			isa = PBXGroup;
			children = (
				7BBCD82FC91306601FF11D45 /* gradle-wrapper.properties */,
				7BBCD3D77EF726E7C3F0DC60 /* gradle-wrapper.jar */,
			);
			path = wrapper;
			sourceTree = "<group>";
		};
		7BBCD420A105DC7440EC2D3E /* gradle */ = {
			isa = PBXGroup;
			children = (
				7BBCD36C53741BAB4F639B11 /* wrapper */,
			);
			path = gradle;
			sourceTree = "<group>";
		};
		7BBCD422B1FB0EF4A531313C /* Products */ = {
			isa = PBXGroup;
			children = (
				7BBCD46619AE9B4C3E068DD6 /* my-appcode.kexe */,
			);
			name = Products;
			sourceTree = "<group>";
		};
		7BBCD651610805F5BB8058BC /* my-appcode */ = {
			isa = PBXGroup;
			children = (
				7BBCD0FEE82CC929F2DD1BD2 /* Supporting Files */,
				7BBCDE846C5ECE44ADD42F98 /* src */,
			);
			path = "my-appcode";
			sourceTree = "<group>";
		};
		7BBCD744DD9D61D3F3077CE8 /* Supporting Files */ = {
			isa = PBXGroup;
			children = (
				7BBCD82BA7F2061364E18EE6 /* build.gradle */,
				7BBCD75396831A23F36031CB /* gradlew */,
				7BBCD420A105DC7440EC2D3E /* gradle */,
				7BBCD662E9D444C2347BBAA6 /* settings.gradle */,
			);
			path = "Supporting Files";
			sourceTree = "<group>";
		};
		7BBCD945CDB86166E12C79FA = {
			isa = PBXGroup;
			children = (
				7BBCD422B1FB0EF4A531313C /* Products */,
				7BBCD651610805F5BB8058BC /* my-appcode */,
				7BBCD744DD9D61D3F3077CE8 /* Supporting Files */,
			);
			sourceTree = "<group>";
		};
		7BBCDC2A592811D54DA440D5 /* kotlin */ = {
			isa = PBXGroup;
			children = (
				7BBCDB42A3E5885231986ABA /* main.kt */,
				7BBCD5FA5C7C96F26FC6EA29 /* CUrl.kt */,
			);
			path = kotlin;
			sourceTree = "<group>";
		};
		7BBCDD4BF7EF8BB9BBE10002 /* my_appcodeMain */ = {
			isa = PBXGroup;
			children = (
				7BBCDC2A592811D54DA440D5 /* kotlin */,
			);
			path = my_appcodeMain;
			sourceTree = "<group>";
		};
		7BBCDE846C5ECE44ADD42F98 /* src */ = {
			isa = PBXGroup;
			children = (
				7BBCDD4BF7EF8BB9BBE10002 /* my_appcodeMain */,
			);
			path = src;
			sourceTree = "<group>";
		};
/* End PBXGroup section */

/* Begin PBXNativeTarget section */
		7BBCDCE71661C1B7F9ABE244 /* my-appcode */ = {
			isa = PBXNativeTarget;
			buildConfigurationList = 7BBCDCCC6F441C7833F387B5 /* Build configuration list for PBXNativeTarget "my-appcode" */;
			buildPhases = (
				7BBCD8DDAF93E38DE8CC4A66 /* Compile Kotlin/Native */,
			);
			buildRules = (
			);
			dependencies = (
			);
			name = "my-appcode";
			productName = "my-appcode";
			productReference = 7BBCD46619AE9B4C3E068DD6 /* my-appcode.kexe */;
			productType = "com.apple.product-type.tool";
		};
/* End PBXNativeTarget section */

/* Begin PBXProject section */
		7BBCD8FAF2E584B89CAC71EF /* Project object */ = {
			isa = PBXProject;
			attributes = {
				ORGANIZATIONNAME = JetBrains;
			};
			buildConfigurationList = 7BBCD609158F002395984102 /* Build configuration list for PBXProject "my-appcode" */;
			compatibilityVersion = "Xcode 3.2";
			developmentRegion = English;
			hasScannedForEncodings = 0;
			knownRegions = (
				en,
			);
			mainGroup = 7BBCD945CDB86166E12C79FA;
			productRefGroup = 7BBCD422B1FB0EF4A531313C /* Products */;
			projectDirPath = "";
			projectRoot = "";
			targets = (
				7BBCDCE71661C1B7F9ABE244 /* my-appcode */,
			);
		};
/* End PBXProject section */

/* Begin PBXShellScriptBuildPhase section */
		7BBCD8DDAF93E38DE8CC4A66 /* Compile Kotlin/Native */ = {
			isa = PBXShellScriptBuildPhase;
			buildActionMask = 2147483647;
			files = (
			);
			inputPaths = (
			);
			name = "Compile Kotlin/Native";
			outputPaths = (
			);
			runOnlyForDeploymentPostprocessing = 0;
			shellPath = /bin/sh;
			shellScript = "if [ -z \"$KOTLIN_NATIVE_BUILD_CAPABLE\" ]; then\ncd \"$SRCROOT/Supporting Files\"\nsh -c \". gradlew buildForXcode\"\nfi\n            ";
		};
/* End PBXShellScriptBuildPhase section */

/* Begin XCBuildConfiguration section */
		7BBCD5C399F88C484C982754 /* Debug */ = {
			isa = XCBuildConfiguration;
			buildSettings = {
				ALWAYS_SEARCH_USER_PATHS = NO;
				CLANG_ANALYZER_NONNULL = YES;
				CLANG_ANALYZER_NUMBER_OBJECT_CONVERSION = YES_AGGRESSIVE;
				CLANG_CXX_LANGUAGE_STANDARD = "gnu++14";
				CLANG_CXX_LIBRARY = "libc++";
				CLANG_ENABLE_MODULES = YES;
				CLANG_ENABLE_OBJC_ARC = YES;
				CLANG_ENABLE_OBJC_WEAK = YES;
				CLANG_WARN_BLOCK_CAPTURE_AUTORELEASING = YES;
				CLANG_WARN_BOOL_CONVERSION = YES;
				CLANG_WARN_COMMA = YES;
				CLANG_WARN_CONSTANT_CONVERSION = YES;
				CLANG_WARN_DEPRECATED_OBJC_IMPLEMENTATIONS = YES;
				CLANG_WARN_DIRECT_OBJC_ISA_USAGE = YES_ERROR;
				CLANG_WARN_DOCUMENTATION_COMMENTS = YES;
				CLANG_WARN_EMPTY_BODY = YES;
				CLANG_WARN_ENUM_CONVERSION = YES;
				CLANG_WARN_INFINITE_RECURSION = YES;
				CLANG_WARN_INT_CONVERSION = YES;
				CLANG_WARN_NON_LITERAL_NULL_CONVERSION = YES;
				CLANG_WARN_OBJC_IMPLICIT_RETAIN_SELF = YES;
				CLANG_WARN_OBJC_LITERAL_CONVERSION = YES;
				CLANG_WARN_OBJC_ROOT_CLASS = YES_ERROR;
				CLANG_WARN_RANGE_LOOP_ANALYSIS = YES;
				CLANG_WARN_STRICT_PROTOTYPES = YES;
				CLANG_WARN_SUSPICIOUS_MOVE = YES;
				CLANG_WARN_UNGUARDED_AVAILABILITY = YES_AGGRESSIVE;
				CLANG_WARN_UNREACHABLE_CODE = YES;
				CLANG_WARN__DUPLICATE_METHOD_MATCH = YES;
				CODE_SIGN_IDENTITY = "-";
				COPY_PHASE_STRIP = NO;
				DEBUG_INFORMATION_FORMAT = dwarf;
				ENABLE_STRICT_OBJC_MSGSEND = YES;
				ENABLE_TESTABILITY = YES;
				GCC_C_LANGUAGE_STANDARD = gnu11;
				GCC_DYNAMIC_NO_PIC = NO;
				GCC_NO_COMMON_BLOCKS = YES;
				GCC_OPTIMIZATION_LEVEL = 0;
				GCC_PREPROCESSOR_DEFINITIONS = (
					"DEBUG=1",
					"$(inherited)",
				);
				GCC_WARN_64_TO_32_BIT_CONVERSION = YES;
				GCC_WARN_ABOUT_RETURN_TYPE = YES_ERROR;
				GCC_WARN_UNDECLARED_SELECTOR = YES;
				GCC_WARN_UNINITIALIZED_AUTOS = YES_AGGRESSIVE;
				GCC_WARN_UNUSED_FUNCTION = YES;
				GCC_WARN_UNUSED_VARIABLE = YES;
				MACOSX_DEPLOYMENT_TARGET = 10.14;
				MTL_ENABLE_DEBUG_INFO = INCLUDE_SOURCE;
				MTL_FAST_MATH = YES;
				ONLY_ACTIVE_ARCH = YES;
				SDKROOT = macosx;
			};
			name = Debug;
		};
		7BBCD670CF7F050B66B2E0E2 /* Debug */ = {
			isa = XCBuildConfiguration;
			buildSettings = {
				PRODUCT_NAME = "$(TARGET_NAME).kexe";
			};
			name = Debug;
		};
		7BBCDBEDCC217C43A6B55D0A /* Release */ = {
			isa = XCBuildConfiguration;
			buildSettings = {
				PRODUCT_NAME = "$(TARGET_NAME).kexe";
			};
			name = Release;
		};
		7BBCDF3AEF45AF1947AE228E /* Release */ = {
			isa = XCBuildConfiguration;
			buildSettings = {
				ALWAYS_SEARCH_USER_PATHS = NO;
				CLANG_ANALYZER_NONNULL = YES;
				CLANG_ANALYZER_NUMBER_OBJECT_CONVERSION = YES_AGGRESSIVE;
				CLANG_CXX_LANGUAGE_STANDARD = "gnu++14";
				CLANG_CXX_LIBRARY = "libc++";
				CLANG_ENABLE_MODULES = YES;
				CLANG_ENABLE_OBJC_ARC = YES;
				CLANG_ENABLE_OBJC_WEAK = YES;
				CLANG_WARN_BLOCK_CAPTURE_AUTORELEASING = YES;
				CLANG_WARN_BOOL_CONVERSION = YES;
				CLANG_WARN_COMMA = YES;
				CLANG_WARN_CONSTANT_CONVERSION = YES;
				CLANG_WARN_DEPRECATED_OBJC_IMPLEMENTATIONS = YES;
				CLANG_WARN_DIRECT_OBJC_ISA_USAGE = YES_ERROR;
				CLANG_WARN_DOCUMENTATION_COMMENTS = YES;
				CLANG_WARN_EMPTY_BODY = YES;
				CLANG_WARN_ENUM_CONVERSION = YES;
				CLANG_WARN_INFINITE_RECURSION = YES;
				CLANG_WARN_INT_CONVERSION = YES;
				CLANG_WARN_NON_LITERAL_NULL_CONVERSION = YES;
				CLANG_WARN_OBJC_IMPLICIT_RETAIN_SELF = YES;
				CLANG_WARN_OBJC_LITERAL_CONVERSION = YES;
				CLANG_WARN_OBJC_ROOT_CLASS = YES_ERROR;
				CLANG_WARN_RANGE_LOOP_ANALYSIS = YES;
				CLANG_WARN_STRICT_PROTOTYPES = YES;
				CLANG_WARN_SUSPICIOUS_MOVE = YES;
				CLANG_WARN_UNGUARDED_AVAILABILITY = YES_AGGRESSIVE;
				CLANG_WARN_UNREACHABLE_CODE = YES;
				CLANG_WARN__DUPLICATE_METHOD_MATCH = YES;
				CODE_SIGN_IDENTITY = "-";
				COPY_PHASE_STRIP = NO;
				DEBUG_INFORMATION_FORMAT = "dwarf-with-dsym";
				ENABLE_NS_ASSERTIONS = NO;
				ENABLE_STRICT_OBJC_MSGSEND = YES;
				GCC_C_LANGUAGE_STANDARD = gnu11;
				GCC_NO_COMMON_BLOCKS = YES;
				GCC_WARN_64_TO_32_BIT_CONVERSION = YES;
				GCC_WARN_ABOUT_RETURN_TYPE = YES_ERROR;
				GCC_WARN_UNDECLARED_SELECTOR = YES;
				GCC_WARN_UNINITIALIZED_AUTOS = YES_AGGRESSIVE;
				GCC_WARN_UNUSED_FUNCTION = YES;
				GCC_WARN_UNUSED_VARIABLE = YES;
				MACOSX_DEPLOYMENT_TARGET = 10.14;
				MTL_ENABLE_DEBUG_INFO = NO;
				MTL_FAST_MATH = YES;
				SDKROOT = macosx;
			};
			name = Release;
		};
/* End XCBuildConfiguration section */

/* Begin XCConfigurationList section */
		7BBCD609158F002395984102 /* Build configuration list for PBXProject "my-appcode" */ = {
			isa = XCConfigurationList;
			buildConfigurations = (
				7BBCD5C399F88C484C982754 /* Debug */,
				7BBCDF3AEF45AF1947AE228E /* Release */,
			);
			defaultConfigurationIsVisible = 0;
			defaultConfigurationName = Release;
		};
		7BBCDCCC6F441C7833F387B5 /* Build configuration list for PBXNativeTarget "my-appcode" */ = {
			isa = XCConfigurationList;
			buildConfigurations = (
				7BBCD670CF7F050B66B2E0E2 /* Debug */,
				7BBCDBEDCC217C43A6B55D0A /* Release */,
			);
			defaultConfigurationIsVisible = 0;
		};
/* End XCConfigurationList section */
	};
	rootObject = 7BBCD8FAF2E584B89CAC71EF /* Project object */;
}
