<?xml version="1.0" encoding="UTF-8"?>
<Scheme
   version = "1.3">
   <BuildAction>
      <BuildActionEntries>
         <BuildActionEntry
            buildForRunning = "YES">
            <BuildableReference
               BuildableIdentifier = "primary"
               BlueprintIdentifier = "7BBCD82731C9562684E7D6A2"
               BuildableName = "ac-ios-app.app"
               BlueprintName = "ac-ios-app"
               ReferencedContainer = "container:ac-ios-app.xcodeproj">
            </BuildableReference>
         </BuildActionEntry>
      </BuildActionEntries>
   </BuildAction>
   <LaunchAction
      useCustomWorkingDirectory = "NO"
      buildConfiguration = "Debug"
      allowLocationSimulation = "YES">
      <BuildableProductRunnable>
         <BuildableReference
            BuildableIdentifier = "primary"
            BlueprintIdentifier = "7BBCD82731C9562684E7D6A2"
            BuildableName = "ac-ios-app.app"
            BlueprintName = "ac-ios-app"
            ReferencedContainer = "container:ac-ios-app.xcodeproj">
         </BuildableReference>
      </BuildableProductRunnable>
   </LaunchAction>
</Scheme>
